
Microsoft Visual Studio Solution File, Format Version 12.00
# Visual Studio Version 17
VisualStudioVersion = 17.7.34024.191
MinimumVisualStudioVersion = 10.0.40219.1
Project("{FAE04EC0-301F-11D3-BF4B-00C04F79EFBC}") = "SmCapstone", "SmCapstone\SmCapstone.csproj", "{3B0FC9A0-5626-4515-BEB8-6B47923F2062}"
EndProject
Global
	GlobalSection(SolutionConfigurationPlatforms) = preSolution
		Debug|Any CPU = Debug|Any CPU
		Release|Any CPU = Release|Any CPU
	EndGlobalSection
	GlobalSection(ProjectConfigurationPlatforms) = postSolution
		{3B0FC9A0-5626-4515-BEB8-6B47923F2062}.Debug|Any CPU.ActiveCfg = Debug|Any CPU
		{3B0FC9A0-5626-4515-BEB8-6B47923F2062}.Debug|Any CPU.Build.0 = Debug|Any CPU
		{3B0FC9A0-5626-4515-BEB8-6B47923F2062}.Release|Any CPU.ActiveCfg = Release|Any CPU
		{3B0FC9A0-5626-4515-BEB8-6B47923F2062}.Release|Any CPU.Build.0 = Release|Any CPU
	EndGlobalSection
	GlobalSection(SolutionProperties) = preSolution
		HideSolutionNode = FALSE
	EndGlobalSection
	GlobalSection(ExtensibilityGlobals) = postSolution
		SolutionGuid = {AE6F67EF-4EBE-4397-9037-4DE68410AFE8}
	EndGlobalSection
EndGlobal
